
Microsoft Visual Studio Solution File, Format Version 12.00
# Visual Studio 14
VisualStudioVersion = 14.0.23107.0
MinimumVisualStudioVersion = 10.0.40219.1
Project("{FAE04EC0-301F-11D3-BF4B-00C04F79EFBC}") = "AnvilLauncher", "AnvilLauncher\AnvilLauncher.csproj", "{621751E5-C931-4E92-9E71-9260EEAFA4FB}"
EndProject
Global
	GlobalSection(SolutionConfigurationPlatforms) = preSolution
		Debug|Any CPU = Debug|Any CPU
		Release|Any CPU = Release|Any CPU
	EndGlobalSection
	GlobalSection(ProjectConfigurationPlatforms) = postSolution
		{621751E5-C931-4E92-9E71-9260EEAFA4FB}.Debug|Any CPU.ActiveCfg = Debug|Any CPU
		{621751E5-C931-4E92-9E71-9260EEAFA4FB}.Debug|Any CPU.Build.0 = Debug|Any CPU
		{621751E5-C931-4E92-9E71-9260EEAFA4FB}.Release|Any CPU.ActiveCfg = Release|Any CPU
		{621751E5-C931-4E92-9E71-9260EEAFA4FB}.Release|Any CPU.Build.0 = Release|Any CPU
	EndGlobalSection
	GlobalSection(SolutionProperties) = preSolution
		HideSolutionNode = FALSE
	EndGlobalSection
EndGlobal
